
Microsoft Visual Studio Solution File, Format Version 12.00
Project("{FAE04EC0-301F-11D3-BF4B-00C04F79EFBC}") = "BlazorOmega", "BlazorOmega\BlazorOmega.csproj", "{7AB6BF13-F072-48FD-AB1E-130490A7C7CC}"
EndProject
Global
	GlobalSection(SolutionConfigurationPlatforms) = preSolution
		Debug|Any CPU = Debug|Any CPU
		Release|Any CPU = Release|Any CPU
	EndGlobalSection
	GlobalSection(ProjectConfigurationPlatforms) = postSolution
		{7AB6BF13-F072-48FD-AB1E-130490A7C7CC}.Debug|Any CPU.ActiveCfg = Debug|Any CPU
		{7AB6BF13-F072-48FD-AB1E-130490A7C7CC}.Debug|Any CPU.Build.0 = Debug|Any CPU
		{7AB6BF13-F072-48FD-AB1E-130490A7C7CC}.Release|Any CPU.ActiveCfg = Release|Any CPU
		{7AB6BF13-F072-48FD-AB1E-130490A7C7CC}.Release|Any CPU.Build.0 = Release|Any CPU
	EndGlobalSection
EndGlobal
